{
  "object": {
    "pins": [
      {
        "package": "Sparkle",
        "repositoryURL": "https://github.com/sparkle-project/Sparkle",
        "state": {
          "branch": null,
          "revision": "07b044dd8f304b3d05a6242a3f4c55ffb08d3f61",
          "version": "1.25.0-rc2"
        }
      }
    ]
  },
  "version": 1
}
